
Microsoft Visual Studio Solution File, Format Version 12.00
# Visual Studio 14
VisualStudioVersion = 14.0.24720.0
MinimumVisualStudioVersion = 10.0.40219.1
Project("{FAE04EC0-301F-11D3-BF4B-00C04F79EFBC}") = "NetworkRail.CifParser", "NetworkRail.CifParser\NetworkRail.CifParser.csproj", "{413DD335-32B8-4013-9120-5C24C3B60D05}"
EndProject
Project("{FAE04EC0-301F-11D3-BF4B-00C04F79EFBC}") = "NetworkRail.CifParser.Console", "NetworkRail.CifParser.Console\NetworkRail.CifParser.Console.csproj", "{B1D7DDBC-C216-4527-BA29-87053D3D2AC5}"
EndProject
Global
	GlobalSection(SolutionConfigurationPlatforms) = preSolution
		Debug|Any CPU = Debug|Any CPU
		Release|Any CPU = Release|Any CPU
	EndGlobalSection
	GlobalSection(ProjectConfigurationPlatforms) = postSolution
		{413DD335-32B8-4013-9120-5C24C3B60D05}.Debug|Any CPU.ActiveCfg = Debug|Any CPU
		{413DD335-32B8-4013-9120-5C24C3B60D05}.Debug|Any CPU.Build.0 = Debug|Any CPU
		{413DD335-32B8-4013-9120-5C24C3B60D05}.Release|Any CPU.ActiveCfg = Release|Any CPU
		{413DD335-32B8-4013-9120-5C24C3B60D05}.Release|Any CPU.Build.0 = Release|Any CPU
		{B1D7DDBC-C216-4527-BA29-87053D3D2AC5}.Debug|Any CPU.ActiveCfg = Debug|Any CPU
		{B1D7DDBC-C216-4527-BA29-87053D3D2AC5}.Debug|Any CPU.Build.0 = Debug|Any CPU
		{B1D7DDBC-C216-4527-BA29-87053D3D2AC5}.Release|Any CPU.ActiveCfg = Release|Any CPU
		{B1D7DDBC-C216-4527-BA29-87053D3D2AC5}.Release|Any CPU.Build.0 = Release|Any CPU
	EndGlobalSection
	GlobalSection(SolutionProperties) = preSolution
		HideSolutionNode = FALSE
	EndGlobalSection
EndGlobal
