
Microsoft Visual Studio Solution File, Format Version 12.00
# Visual Studio 14
VisualStudioVersion = 14.0.25420.1
MinimumVisualStudioVersion = 10.0.40219.1
Project("{8BB2217D-0F2D-49D1-97BC-3654ED321F3B}") = "OpenRailData.Domain", "OpenRailData.Domain\OpenRailData.Domain.xproj", "{EFE0BC40-A3D0-4F88-9C28-977A974FF8A4}"
EndProject
Project("{8BB2217D-0F2D-49D1-97BC-3654ED321F3B}") = "OpenRailData.Schedule", "OpenRailData.Schedule\OpenRailData.Schedule.xproj", "{8C74AC31-5F4C-43BB-BF32-81346E0D951A}"
EndProject
Project("{8BB2217D-0F2D-49D1-97BC-3654ED321F3B}") = "OpenRailData.ScheduleStorage", "OpenRailData.ScheduleStorage\OpenRailData.ScheduleStorage.xproj", "{3C9BDAF6-E76D-4C1A-B2CC-F4125040DAFE}"
EndProject
Project("{8BB2217D-0F2D-49D1-97BC-3654ED321F3B}") = "OpenRailData.ScheduleParsing", "OpenRailData.ScheduleParsing\OpenRailData.ScheduleParsing.xproj", "{93D5D3B7-D854-448D-B9F8-70984A762399}"
EndProject
Project("{8BB2217D-0F2D-49D1-97BC-3654ED321F3B}") = "OpenRailData.ScheduleValidation", "OpenRailData.ScheduleValidation\OpenRailData.ScheduleValidation.xproj", "{FAFF05C6-5ABE-4EDB-87AA-46A5869EEC96}"
EndProject
Project("{8BB2217D-0F2D-49D1-97BC-3654ED321F3B}") = "OpenRailData.TrainDescriberParsing", "OpenRailData.TrainDescriberParsing\OpenRailData.TrainDescriberParsing.xproj", "{6B99B7DB-271E-43C2-B096-A7F2CEC9E5D3}"
EndProject
Project("{8BB2217D-0F2D-49D1-97BC-3654ED321F3B}") = "OpenRailData.TrainDescriberStorage", "OpenRailData.TrainDescriberStorage\OpenRailData.TrainDescriberStorage.xproj", "{4350424C-D30C-48FF-BD5A-799771F250F6}"
EndProject
Project("{8BB2217D-0F2D-49D1-97BC-3654ED321F3B}") = "OpenRailData.TrainMovementParsing", "OpenRailData.TrainMovementParsing\OpenRailData.TrainMovementParsing.xproj", "{FC07DF7E-5182-4A20-8588-962406ADB6F0}"
EndProject
Project("{8BB2217D-0F2D-49D1-97BC-3654ED321F3B}") = "OpenRailData.TrainMovementStorage", "OpenRailData.TrainMovementStorage\OpenRailData.TrainMovementStorage.xproj", "{F3CD3DAA-149D-409E-9827-30B7C08CB3AF}"
EndProject
Project("{8BB2217D-0F2D-49D1-97BC-3654ED321F3B}") = "OpenRailData.ScheduleParsing.Json", "OpenRailData.ScheduleParsing.Json\OpenRailData.ScheduleParsing.Json.xproj", "{5576BCFF-9C57-47FF-8878-84CC67D909D9}"
EndProject
Project("{8BB2217D-0F2D-49D1-97BC-3654ED321F3B}") = "OpenRailData.TrainMovementParsing.Json", "OpenRailData.TrainMovementParsing.Json\OpenRailData.TrainMovementParsing.Json.xproj", "{8BCE46A7-2F25-4DFA-9923-370134202986}"
EndProject
Project("{8BB2217D-0F2D-49D1-97BC-3654ED321F3B}") = "OpenRailData.TrainDescriberParsing.Json", "OpenRailData.TrainDescriberParsing.Json\OpenRailData.TrainDescriberParsing.Json.xproj", "{AA2C3DC1-DC2F-4502-8893-AED0A1E2748D}"
EndProject
Project("{8BB2217D-0F2D-49D1-97BC-3654ED321F3B}") = "OpenRailData.CommonDatabase", "OpenRailData.CommonDatabase\OpenRailData.CommonDatabase.xproj", "{2D1E3013-B654-43FD-845F-F033E0A99CDD}"
EndProject
Project("{8BB2217D-0F2D-49D1-97BC-3654ED321F3B}") = "OpenRailData.ScheduleStorage.EntityFramework", "OpenRailData.ScheduleStorage.EntityFramework\OpenRailData.ScheduleStorage.EntityFramework.xproj", "{1845E287-2C0C-424C-B3C1-D927C5AA1925}"
EndProject
Project("{8BB2217D-0F2D-49D1-97BC-3654ED321F3B}") = "OpenRailData.TrainDescriberStorage.EntityFramework", "OpenRailData.TrainDescriberStorage.EntityFramework\OpenRailData.TrainDescriberStorage.EntityFramework.xproj", "{D1906EC6-6615-463B-A1C2-0B8179A191C6}"
EndProject
Project("{8BB2217D-0F2D-49D1-97BC-3654ED321F3B}") = "OpenRailData.TrainMovementStorage.EntityFramework", "OpenRailData.TrainMovementStorage.EntityFramework\OpenRailData.TrainMovementStorage.EntityFramework.xproj", "{05807F0B-73FA-4B68-980E-255F2D08E7E9}"
EndProject
Project("{8BB2217D-0F2D-49D1-97BC-3654ED321F3B}") = "OpenRailData.MessageProcessing", "OpenRailData.MessageProcessing\OpenRailData.MessageProcessing.xproj", "{F4907410-36E0-4368-935D-6E01D0868C4B}"
EndProject
Project("{8BB2217D-0F2D-49D1-97BC-3654ED321F3B}") = "OpenRailData.BerthStepData", "OpenRailData.BerthStepData\OpenRailData.BerthStepData.xproj", "{79CC324B-0BAF-4753-9671-06592F3DCE70}"
EndProject
Project("{8BB2217D-0F2D-49D1-97BC-3654ED321F3B}") = "OpenRailData.UnitTests", "OpenRailData.UnitTests\OpenRailData.UnitTests.xproj", "{BE74AFB4-D16D-41B8-8BAF-E854BC87F4C3}"
EndProject
Project("{8BB2217D-0F2D-49D1-97BC-3654ED321F3B}") = "OpenRailData.ScheduleParsing.Cif", "OpenRailData.ScheduleParsing.Cif\OpenRailData.ScheduleParsing.Cif.xproj", "{0074C0EB-A650-4D52-916A-252AA06F6383}"
EndProject
Project("{8BB2217D-0F2D-49D1-97BC-3654ED321F3B}") = "OpenRailData.IntegrationTests", "OpenRailData.IntegrationTests\OpenRailData.IntegrationTests.xproj", "{C43AA399-2AC9-43BF-A036-996DD0728412}"
EndProject
Project("{2150E333-8FDC-42A3-9474-1A3956D46DE8}") = "Tests", "Tests", "{77363B1F-58C4-4848-9EF5-013685CF8CDD}"
EndProject
Project("{2150E333-8FDC-42A3-9474-1A3956D46DE8}") = "Solution Items", "Solution Items", "{D8FEBC3E-3955-47A6-889F-DBF177EEA02F}"
	ProjectSection(SolutionItems) = preProject
		NuGet.config = NuGet.config
	EndProjectSection
EndProject
Global
	GlobalSection(SolutionConfigurationPlatforms) = preSolution
		Debug|Any CPU = Debug|Any CPU
		Release|Any CPU = Release|Any CPU
	EndGlobalSection
	GlobalSection(ProjectConfigurationPlatforms) = postSolution
		{EFE0BC40-A3D0-4F88-9C28-977A974FF8A4}.Debug|Any CPU.ActiveCfg = Debug|Any CPU
		{EFE0BC40-A3D0-4F88-9C28-977A974FF8A4}.Debug|Any CPU.Build.0 = Debug|Any CPU
		{EFE0BC40-A3D0-4F88-9C28-977A974FF8A4}.Release|Any CPU.ActiveCfg = Release|Any CPU
		{EFE0BC40-A3D0-4F88-9C28-977A974FF8A4}.Release|Any CPU.Build.0 = Release|Any CPU
		{8C74AC31-5F4C-43BB-BF32-81346E0D951A}.Debug|Any CPU.ActiveCfg = Debug|Any CPU
		{8C74AC31-5F4C-43BB-BF32-81346E0D951A}.Debug|Any CPU.Build.0 = Debug|Any CPU
		{8C74AC31-5F4C-43BB-BF32-81346E0D951A}.Release|Any CPU.ActiveCfg = Release|Any CPU
		{8C74AC31-5F4C-43BB-BF32-81346E0D951A}.Release|Any CPU.Build.0 = Release|Any CPU
		{3C9BDAF6-E76D-4C1A-B2CC-F4125040DAFE}.Debug|Any CPU.ActiveCfg = Debug|Any CPU
		{3C9BDAF6-E76D-4C1A-B2CC-F4125040DAFE}.Debug|Any CPU.Build.0 = Debug|Any CPU
		{3C9BDAF6-E76D-4C1A-B2CC-F4125040DAFE}.Release|Any CPU.ActiveCfg = Release|Any CPU
		{3C9BDAF6-E76D-4C1A-B2CC-F4125040DAFE}.Release|Any CPU.Build.0 = Release|Any CPU
		{93D5D3B7-D854-448D-B9F8-70984A762399}.Debug|Any CPU.ActiveCfg = Debug|Any CPU
		{93D5D3B7-D854-448D-B9F8-70984A762399}.Debug|Any CPU.Build.0 = Debug|Any CPU
		{93D5D3B7-D854-448D-B9F8-70984A762399}.Release|Any CPU.ActiveCfg = Release|Any CPU
		{93D5D3B7-D854-448D-B9F8-70984A762399}.Release|Any CPU.Build.0 = Release|Any CPU
		{FAFF05C6-5ABE-4EDB-87AA-46A5869EEC96}.Debug|Any CPU.ActiveCfg = Debug|Any CPU
		{FAFF05C6-5ABE-4EDB-87AA-46A5869EEC96}.Debug|Any CPU.Build.0 = Debug|Any CPU
		{FAFF05C6-5ABE-4EDB-87AA-46A5869EEC96}.Release|Any CPU.ActiveCfg = Release|Any CPU
		{FAFF05C6-5ABE-4EDB-87AA-46A5869EEC96}.Release|Any CPU.Build.0 = Release|Any CPU
		{6B99B7DB-271E-43C2-B096-A7F2CEC9E5D3}.Debug|Any CPU.ActiveCfg = Debug|Any CPU
		{6B99B7DB-271E-43C2-B096-A7F2CEC9E5D3}.Debug|Any CPU.Build.0 = Debug|Any CPU
		{6B99B7DB-271E-43C2-B096-A7F2CEC9E5D3}.Release|Any CPU.ActiveCfg = Release|Any CPU
		{6B99B7DB-271E-43C2-B096-A7F2CEC9E5D3}.Release|Any CPU.Build.0 = Release|Any CPU
		{4350424C-D30C-48FF-BD5A-799771F250F6}.Debug|Any CPU.ActiveCfg = Debug|Any CPU
		{4350424C-D30C-48FF-BD5A-799771F250F6}.Debug|Any CPU.Build.0 = Debug|Any CPU
		{4350424C-D30C-48FF-BD5A-799771F250F6}.Release|Any CPU.ActiveCfg = Release|Any CPU
		{4350424C-D30C-48FF-BD5A-799771F250F6}.Release|Any CPU.Build.0 = Release|Any CPU
		{FC07DF7E-5182-4A20-8588-962406ADB6F0}.Debug|Any CPU.ActiveCfg = Debug|Any CPU
		{FC07DF7E-5182-4A20-8588-962406ADB6F0}.Debug|Any CPU.Build.0 = Debug|Any CPU
		{FC07DF7E-5182-4A20-8588-962406ADB6F0}.Release|Any CPU.ActiveCfg = Release|Any CPU
		{FC07DF7E-5182-4A20-8588-962406ADB6F0}.Release|Any CPU.Build.0 = Release|Any CPU
		{F3CD3DAA-149D-409E-9827-30B7C08CB3AF}.Debug|Any CPU.ActiveCfg = Debug|Any CPU
		{F3CD3DAA-149D-409E-9827-30B7C08CB3AF}.Debug|Any CPU.Build.0 = Debug|Any CPU
		{F3CD3DAA-149D-409E-9827-30B7C08CB3AF}.Release|Any CPU.ActiveCfg = Release|Any CPU
		{F3CD3DAA-149D-409E-9827-30B7C08CB3AF}.Release|Any CPU.Build.0 = Release|Any CPU
		{5576BCFF-9C57-47FF-8878-84CC67D909D9}.Debug|Any CPU.ActiveCfg = Debug|Any CPU
		{5576BCFF-9C57-47FF-8878-84CC67D909D9}.Debug|Any CPU.Build.0 = Debug|Any CPU
		{5576BCFF-9C57-47FF-8878-84CC67D909D9}.Release|Any CPU.ActiveCfg = Release|Any CPU
		{5576BCFF-9C57-47FF-8878-84CC67D909D9}.Release|Any CPU.Build.0 = Release|Any CPU
		{8BCE46A7-2F25-4DFA-9923-370134202986}.Debug|Any CPU.ActiveCfg = Debug|Any CPU
		{8BCE46A7-2F25-4DFA-9923-370134202986}.Debug|Any CPU.Build.0 = Debug|Any CPU
		{8BCE46A7-2F25-4DFA-9923-370134202986}.Release|Any CPU.ActiveCfg = Release|Any CPU
		{8BCE46A7-2F25-4DFA-9923-370134202986}.Release|Any CPU.Build.0 = Release|Any CPU
		{AA2C3DC1-DC2F-4502-8893-AED0A1E2748D}.Debug|Any CPU.ActiveCfg = Debug|Any CPU
		{AA2C3DC1-DC2F-4502-8893-AED0A1E2748D}.Debug|Any CPU.Build.0 = Debug|Any CPU
		{AA2C3DC1-DC2F-4502-8893-AED0A1E2748D}.Release|Any CPU.ActiveCfg = Release|Any CPU
		{AA2C3DC1-DC2F-4502-8893-AED0A1E2748D}.Release|Any CPU.Build.0 = Release|Any CPU
		{2D1E3013-B654-43FD-845F-F033E0A99CDD}.Debug|Any CPU.ActiveCfg = Debug|Any CPU
		{2D1E3013-B654-43FD-845F-F033E0A99CDD}.Debug|Any CPU.Build.0 = Debug|Any CPU
		{2D1E3013-B654-43FD-845F-F033E0A99CDD}.Release|Any CPU.ActiveCfg = Release|Any CPU
		{2D1E3013-B654-43FD-845F-F033E0A99CDD}.Release|Any CPU.Build.0 = Release|Any CPU
		{1845E287-2C0C-424C-B3C1-D927C5AA1925}.Debug|Any CPU.ActiveCfg = Debug|Any CPU
		{1845E287-2C0C-424C-B3C1-D927C5AA1925}.Debug|Any CPU.Build.0 = Debug|Any CPU
		{1845E287-2C0C-424C-B3C1-D927C5AA1925}.Release|Any CPU.ActiveCfg = Release|Any CPU
		{1845E287-2C0C-424C-B3C1-D927C5AA1925}.Release|Any CPU.Build.0 = Release|Any CPU
		{D1906EC6-6615-463B-A1C2-0B8179A191C6}.Debug|Any CPU.ActiveCfg = Debug|Any CPU
		{D1906EC6-6615-463B-A1C2-0B8179A191C6}.Debug|Any CPU.Build.0 = Debug|Any CPU
		{D1906EC6-6615-463B-A1C2-0B8179A191C6}.Release|Any CPU.ActiveCfg = Release|Any CPU
		{D1906EC6-6615-463B-A1C2-0B8179A191C6}.Release|Any CPU.Build.0 = Release|Any CPU
		{05807F0B-73FA-4B68-980E-255F2D08E7E9}.Debug|Any CPU.ActiveCfg = Debug|Any CPU
		{05807F0B-73FA-4B68-980E-255F2D08E7E9}.Debug|Any CPU.Build.0 = Debug|Any CPU
		{05807F0B-73FA-4B68-980E-255F2D08E7E9}.Release|Any CPU.ActiveCfg = Release|Any CPU
		{05807F0B-73FA-4B68-980E-255F2D08E7E9}.Release|Any CPU.Build.0 = Release|Any CPU
		{F4907410-36E0-4368-935D-6E01D0868C4B}.Debug|Any CPU.ActiveCfg = Debug|Any CPU
		{F4907410-36E0-4368-935D-6E01D0868C4B}.Debug|Any CPU.Build.0 = Debug|Any CPU
		{F4907410-36E0-4368-935D-6E01D0868C4B}.Release|Any CPU.ActiveCfg = Release|Any CPU
		{F4907410-36E0-4368-935D-6E01D0868C4B}.Release|Any CPU.Build.0 = Release|Any CPU
		{79CC324B-0BAF-4753-9671-06592F3DCE70}.Debug|Any CPU.ActiveCfg = Debug|Any CPU
		{79CC324B-0BAF-4753-9671-06592F3DCE70}.Debug|Any CPU.Build.0 = Debug|Any CPU
		{79CC324B-0BAF-4753-9671-06592F3DCE70}.Release|Any CPU.ActiveCfg = Release|Any CPU
		{79CC324B-0BAF-4753-9671-06592F3DCE70}.Release|Any CPU.Build.0 = Release|Any CPU
		{BE74AFB4-D16D-41B8-8BAF-E854BC87F4C3}.Debug|Any CPU.ActiveCfg = Debug|Any CPU
		{BE74AFB4-D16D-41B8-8BAF-E854BC87F4C3}.Debug|Any CPU.Build.0 = Debug|Any CPU
		{BE74AFB4-D16D-41B8-8BAF-E854BC87F4C3}.Release|Any CPU.ActiveCfg = Release|Any CPU
		{BE74AFB4-D16D-41B8-8BAF-E854BC87F4C3}.Release|Any CPU.Build.0 = Release|Any CPU
		{0074C0EB-A650-4D52-916A-252AA06F6383}.Debug|Any CPU.ActiveCfg = Debug|Any CPU
		{0074C0EB-A650-4D52-916A-252AA06F6383}.Debug|Any CPU.Build.0 = Debug|Any CPU
		{0074C0EB-A650-4D52-916A-252AA06F6383}.Release|Any CPU.ActiveCfg = Release|Any CPU
		{0074C0EB-A650-4D52-916A-252AA06F6383}.Release|Any CPU.Build.0 = Release|Any CPU
		{C43AA399-2AC9-43BF-A036-996DD0728412}.Debug|Any CPU.ActiveCfg = Debug|Any CPU
		{C43AA399-2AC9-43BF-A036-996DD0728412}.Debug|Any CPU.Build.0 = Debug|Any CPU
		{C43AA399-2AC9-43BF-A036-996DD0728412}.Release|Any CPU.ActiveCfg = Release|Any CPU
		{C43AA399-2AC9-43BF-A036-996DD0728412}.Release|Any CPU.Build.0 = Release|Any CPU
	EndGlobalSection
	GlobalSection(SolutionProperties) = preSolution
		HideSolutionNode = FALSE
	EndGlobalSection
	GlobalSection(NestedProjects) = preSolution
		{BE74AFB4-D16D-41B8-8BAF-E854BC87F4C3} = {77363B1F-58C4-4848-9EF5-013685CF8CDD}
		{C43AA399-2AC9-43BF-A036-996DD0728412} = {77363B1F-58C4-4848-9EF5-013685CF8CDD}
	EndGlobalSection
EndGlobal
