
Microsoft Visual Studio Solution File, Format Version 12.00
# Visual Studio 14
VisualStudioVersion = 14.0.24720.0
MinimumVisualStudioVersion = 10.0.40219.1
Project("{FAE04EC0-301F-11D3-BF4B-00C04F79EFBC}") = "OpenRailData.Schedule.NetworkRailParserConsole", "OpenRailData.Schedule.NetworkRailParserConsole\OpenRailData.Schedule.NetworkRailParserConsole.csproj", "{9334ADAB-1E1F-476D-A4E2-23588F3BF851}"
EndProject
Project("{FAE04EC0-301F-11D3-BF4B-00C04F79EFBC}") = "OpenRailData.Schedule.NetworkRailScheduleParser", "OpenRailData.Schedule.NetworkRailScheduleParser\OpenRailData.Schedule.NetworkRailScheduleParser.csproj", "{42572685-90B5-430E-BE9D-D68FC2AE50CF}"
EndProject
Project("{FAE04EC0-301F-11D3-BF4B-00C04F79EFBC}") = "OpenRailData.Schedule.Tests", "OpenRailData.Schedule.Tests\OpenRailData.Schedule.Tests.csproj", "{23819884-6772-49F3-BA2E-77DB60E6EFCC}"
EndProject
Global
	GlobalSection(SolutionConfigurationPlatforms) = preSolution
		Debug|Any CPU = Debug|Any CPU
		Release|Any CPU = Release|Any CPU
	EndGlobalSection
	GlobalSection(ProjectConfigurationPlatforms) = postSolution
		{9334ADAB-1E1F-476D-A4E2-23588F3BF851}.Debug|Any CPU.ActiveCfg = Debug|Any CPU
		{9334ADAB-1E1F-476D-A4E2-23588F3BF851}.Debug|Any CPU.Build.0 = Debug|Any CPU
		{9334ADAB-1E1F-476D-A4E2-23588F3BF851}.Release|Any CPU.ActiveCfg = Release|Any CPU
		{9334ADAB-1E1F-476D-A4E2-23588F3BF851}.Release|Any CPU.Build.0 = Release|Any CPU
		{42572685-90B5-430E-BE9D-D68FC2AE50CF}.Debug|Any CPU.ActiveCfg = Debug|Any CPU
		{42572685-90B5-430E-BE9D-D68FC2AE50CF}.Debug|Any CPU.Build.0 = Debug|Any CPU
		{42572685-90B5-430E-BE9D-D68FC2AE50CF}.Release|Any CPU.ActiveCfg = Release|Any CPU
		{42572685-90B5-430E-BE9D-D68FC2AE50CF}.Release|Any CPU.Build.0 = Release|Any CPU
		{23819884-6772-49F3-BA2E-77DB60E6EFCC}.Debug|Any CPU.ActiveCfg = Debug|Any CPU
		{23819884-6772-49F3-BA2E-77DB60E6EFCC}.Debug|Any CPU.Build.0 = Debug|Any CPU
		{23819884-6772-49F3-BA2E-77DB60E6EFCC}.Release|Any CPU.ActiveCfg = Release|Any CPU
		{23819884-6772-49F3-BA2E-77DB60E6EFCC}.Release|Any CPU.Build.0 = Release|Any CPU
	EndGlobalSection
	GlobalSection(SolutionProperties) = preSolution
		HideSolutionNode = FALSE
	EndGlobalSection
EndGlobal
