
Microsoft Visual Studio Solution File, Format Version 12.00
# Visual Studio 14
VisualStudioVersion = 14.0.24720.0
MinimumVisualStudioVersion = 10.0.40219.1
Project("{FAE04EC0-301F-11D3-BF4B-00C04F79EFBC}") = "OpenRailData.Schedule.NetworkRailParserConsole", "OpenRailData.Schedule.NetworkRailParserConsole\OpenRailData.Schedule.NetworkRailParserConsole.csproj", "{9334ADAB-1E1F-476D-A4E2-23588F3BF851}"
EndProject
Project("{FAE04EC0-301F-11D3-BF4B-00C04F79EFBC}") = "OpenRailData.Schedule.NetworkRailScheduleParser", "OpenRailData.Schedule.NetworkRailScheduleParser\OpenRailData.Schedule.NetworkRailScheduleParser.csproj", "{42572685-90B5-430E-BE9D-D68FC2AE50CF}"
EndProject
Project("{FAE04EC0-301F-11D3-BF4B-00C04F79EFBC}") = "OpenRailData.Schedule.Tests", "OpenRailData.Schedule.Tests\OpenRailData.Schedule.Tests.csproj", "{23819884-6772-49F3-BA2E-77DB60E6EFCC}"
EndProject
Project("{FAE04EC0-301F-11D3-BF4B-00C04F79EFBC}") = "OpenRailData.Schedule.NetworkRailScheduleDatabase", "OpenRailData.Schedule.NetworkRailScheduleDatabase\OpenRailData.Schedule.NetworkRailScheduleDatabase.csproj", "{47A38134-B8CC-4377-BEA7-1E974F7C9714}"
EndProject
Project("{FAE04EC0-301F-11D3-BF4B-00C04F79EFBC}") = "OpenRailData.Schedule.CommonDatabase", "OpenRailData.Schedule.CommonDatabase\OpenRailData.Schedule.CommonDatabase.csproj", "{DBF09618-423D-4A73-BBEC-36598E5B2FDF}"
EndProject
Project("{FAE04EC0-301F-11D3-BF4B-00C04F79EFBC}") = "OpenRailData.Schedule.NetworkRailEntites", "OpenRailData.Schedule.NetworkRailEntites\OpenRailData.Schedule.NetworkRailEntites.csproj", "{3EAE81B6-D973-4D00-9DF7-87EA39550701}"
EndProject
Project("{FAE04EC0-301F-11D3-BF4B-00C04F79EFBC}") = "OpenRailData.Schedule.DataAccess.Core", "OpenRailData.Schedule.DataAccess.Core\OpenRailData.Schedule.DataAccess.Core.csproj", "{77CC1BEC-8502-4070-AFD3-91DF09FBF168}"
EndProject
Project("{FAE04EC0-301F-11D3-BF4B-00C04F79EFBC}") = "OpenRailData.Schedule.DataAccess.EntityFramework", "OpenRailData.Schedule.DataAccess.EntityFramework\OpenRailData.Schedule.DataAccess.EntityFramework.csproj", "{7819945F-2467-48D3-BF48-48F3A671BCB7}"
EndProject
Global
	GlobalSection(SolutionConfigurationPlatforms) = preSolution
		Debug|Any CPU = Debug|Any CPU
		Release|Any CPU = Release|Any CPU
	EndGlobalSection
	GlobalSection(ProjectConfigurationPlatforms) = postSolution
		{9334ADAB-1E1F-476D-A4E2-23588F3BF851}.Debug|Any CPU.ActiveCfg = Debug|Any CPU
		{9334ADAB-1E1F-476D-A4E2-23588F3BF851}.Debug|Any CPU.Build.0 = Debug|Any CPU
		{9334ADAB-1E1F-476D-A4E2-23588F3BF851}.Release|Any CPU.ActiveCfg = Release|Any CPU
		{9334ADAB-1E1F-476D-A4E2-23588F3BF851}.Release|Any CPU.Build.0 = Release|Any CPU
		{42572685-90B5-430E-BE9D-D68FC2AE50CF}.Debug|Any CPU.ActiveCfg = Debug|Any CPU
		{42572685-90B5-430E-BE9D-D68FC2AE50CF}.Debug|Any CPU.Build.0 = Debug|Any CPU
		{42572685-90B5-430E-BE9D-D68FC2AE50CF}.Release|Any CPU.ActiveCfg = Release|Any CPU
		{42572685-90B5-430E-BE9D-D68FC2AE50CF}.Release|Any CPU.Build.0 = Release|Any CPU
		{23819884-6772-49F3-BA2E-77DB60E6EFCC}.Debug|Any CPU.ActiveCfg = Debug|Any CPU
		{23819884-6772-49F3-BA2E-77DB60E6EFCC}.Debug|Any CPU.Build.0 = Debug|Any CPU
		{23819884-6772-49F3-BA2E-77DB60E6EFCC}.Release|Any CPU.ActiveCfg = Release|Any CPU
		{23819884-6772-49F3-BA2E-77DB60E6EFCC}.Release|Any CPU.Build.0 = Release|Any CPU
		{47A38134-B8CC-4377-BEA7-1E974F7C9714}.Debug|Any CPU.ActiveCfg = Debug|Any CPU
		{47A38134-B8CC-4377-BEA7-1E974F7C9714}.Debug|Any CPU.Build.0 = Debug|Any CPU
		{47A38134-B8CC-4377-BEA7-1E974F7C9714}.Release|Any CPU.ActiveCfg = Release|Any CPU
		{47A38134-B8CC-4377-BEA7-1E974F7C9714}.Release|Any CPU.Build.0 = Release|Any CPU
		{DBF09618-423D-4A73-BBEC-36598E5B2FDF}.Debug|Any CPU.ActiveCfg = Debug|Any CPU
		{DBF09618-423D-4A73-BBEC-36598E5B2FDF}.Debug|Any CPU.Build.0 = Debug|Any CPU
		{DBF09618-423D-4A73-BBEC-36598E5B2FDF}.Release|Any CPU.ActiveCfg = Release|Any CPU
		{DBF09618-423D-4A73-BBEC-36598E5B2FDF}.Release|Any CPU.Build.0 = Release|Any CPU
		{3EAE81B6-D973-4D00-9DF7-87EA39550701}.Debug|Any CPU.ActiveCfg = Debug|Any CPU
		{3EAE81B6-D973-4D00-9DF7-87EA39550701}.Debug|Any CPU.Build.0 = Debug|Any CPU
		{3EAE81B6-D973-4D00-9DF7-87EA39550701}.Release|Any CPU.ActiveCfg = Release|Any CPU
		{3EAE81B6-D973-4D00-9DF7-87EA39550701}.Release|Any CPU.Build.0 = Release|Any CPU
		{77CC1BEC-8502-4070-AFD3-91DF09FBF168}.Debug|Any CPU.ActiveCfg = Debug|Any CPU
		{77CC1BEC-8502-4070-AFD3-91DF09FBF168}.Debug|Any CPU.Build.0 = Debug|Any CPU
		{77CC1BEC-8502-4070-AFD3-91DF09FBF168}.Release|Any CPU.ActiveCfg = Release|Any CPU
		{77CC1BEC-8502-4070-AFD3-91DF09FBF168}.Release|Any CPU.Build.0 = Release|Any CPU
		{7819945F-2467-48D3-BF48-48F3A671BCB7}.Debug|Any CPU.ActiveCfg = Debug|Any CPU
		{7819945F-2467-48D3-BF48-48F3A671BCB7}.Debug|Any CPU.Build.0 = Debug|Any CPU
		{7819945F-2467-48D3-BF48-48F3A671BCB7}.Release|Any CPU.ActiveCfg = Release|Any CPU
		{7819945F-2467-48D3-BF48-48F3A671BCB7}.Release|Any CPU.Build.0 = Release|Any CPU
	EndGlobalSection
	GlobalSection(SolutionProperties) = preSolution
		HideSolutionNode = FALSE
	EndGlobalSection
EndGlobal
